
Microsoft Visual Studio Solution File, Format Version 12.00
# Visual Studio Version 17
VisualStudioVersion = 17.0.32014.148
MinimumVisualStudioVersion = 10.0.40219.1
Project("{FAE04EC0-301F-11D3-BF4B-00C04F79EFBC}") = "tiposDeReferenciaTiposDeValor", "tiposDeReferenciaTiposDeValor\tiposDeReferenciaTiposDeValor.csproj", "{C83744A7-D87E-4181-9CC6-B8F5CDE448F9}"
EndProject
Global
	GlobalSection(SolutionConfigurationPlatforms) = preSolution
		Debug|Any CPU = Debug|Any CPU
		Release|Any CPU = Release|Any CPU
	EndGlobalSection
	GlobalSection(ProjectConfigurationPlatforms) = postSolution
		{C83744A7-D87E-4181-9CC6-B8F5CDE448F9}.Debug|Any CPU.ActiveCfg = Debug|Any CPU
		{C83744A7-D87E-4181-9CC6-B8F5CDE448F9}.Debug|Any CPU.Build.0 = Debug|Any CPU
		{C83744A7-D87E-4181-9CC6-B8F5CDE448F9}.Release|Any CPU.ActiveCfg = Release|Any CPU
		{C83744A7-D87E-4181-9CC6-B8F5CDE448F9}.Release|Any CPU.Build.0 = Release|Any CPU
	EndGlobalSection
	GlobalSection(SolutionProperties) = preSolution
		HideSolutionNode = FALSE
	EndGlobalSection
	GlobalSection(ExtensibilityGlobals) = postSolution
		SolutionGuid = {DA841A3D-32C9-4734-A8D8-CDA6A0F87CDA}
	EndGlobalSection
EndGlobal
